þŠmþ&yºÞÃòân¶«Ëñè™æë{Ü™ßì…éez{ì†X§{_?n)ÿ¦Ã©z¶­Š‰ç¢Ú^®h­µç^Âˆ›˜[YHŽˆ™[š[Y[]Û\È‹ˆ›ØÚÙš[U™\œÚ[ÛˆŽˆËˆœ™\]Z\™\ÈŽˆYKˆœXÚØYÙ\ÈŽˆÂˆˆŽˆÂˆ›˜[YHŽˆ™[š[Y[]Û\È‹ˆ™\[™[˜ÚY\ÈŽˆÂˆ™[Û™]X˜\ÙKÜÙ\™\›\ÜÈŽˆŒŒL‹ˆž[™ËØœ›ÝÜÙ\ˆŽˆŒŒKH‹ˆ›™^ŽˆŒMKKÈ‹ˆœ™XXÝŽˆŒNKŒKŒH‹ˆœ™XXÝYÛHŽˆŒNKŒKŒH‚ˆBˆKˆ››ÙWÛ[Ù[\ËÐ[[˜\KÜ[[YHŽˆÂˆ™\œÚ[ÛˆŽˆŒKŒLKŒÈ‹ˆœ™\ÛÛ™YŽˆšÎ‹ËÜ™YÚ\ÝžK›œZœË›Ü™ËÐ[[˜\KÜ[[YKËKÜ[[YKLKŒLKŒËÞˆ‹ˆš[YÜš]HŽˆœÚMLL‹VZÚMÖ\œ•RÌZ”ŒPZYVZMŒÛ™SÙZUÙžL”TSPœÐZUMSÖÓÒ\‹ÜUJÚ™•ÔÐÖVSOOH‹ˆ›XÙ[œÙHŽˆ“RU‹ˆ›Ü[Û˜[ŽˆYKˆ™\[™[˜ÚY\ÈŽˆÂˆÛXˆŽˆ—Œ‹Œ‚ˆBˆKˆ››ÙWÛ[Ù[\ËÐ[YËØÛÛÝ\ˆŽˆÂˆ™\œÚ[ÛˆŽˆŒKŒKŒ‹ˆœ™\ÛÛ™YŽˆšÎ‹ËÜ™YÚ\ÝžK›œZœË›Ü™ËÐ[YËØÛÛÝ\‹ËKØÛÛÝ\‹LKŒKŒÞˆ‹ˆš[YÜš]HŽˆœÚMLL‹UÍœMÚMÛËÝ™ÔÍÍ˜ÖPT™”Þ^ÎQY”ž]ÓZÓ^–Z•ÍXÜU^\V“ÚÛÓMÍ[[ÍÚ^KÜÙTOOH‹ˆ›XÙ[œÙHŽˆ“RU‹ˆ›Ü[Û˜[ŽˆYKˆ™[™Ú[™\ÈŽˆÂˆ››ÙHŽˆLN‚ˆBˆKˆ››ÙWÛ[Ù[\ËÐ[YËÜÚ\œY\Ú[‹X\›MŽˆÂˆ™\œÚ[ÛˆŽˆŒŒÍH‹ˆœ™\ÛÛ™YŽˆšÎ‹ËÜ™YÚ\ÝžK›œZœË›Ü™ËÐ[YËÜÚ\œY\Ú[‹X\›MËKÜÚ\œY\Ú[‹X\›MLŒÍKÞˆ‹ˆš[YÜš]HŽˆœÚMLL‹Z[]LÕÓR–“VMž‹Ó™’••ÐÕRLÙØžZQÙJØYž’QÎLžMXËÙœŒÒÑËÍÙÙQ“M™ËÜŒÝÏOH‹ˆ˜ÜHŽˆÂˆ˜\›M‚ˆKˆ›XÙ[œÙHŽˆ\XÚKL‹Œ‹ˆ›Ü[Û˜[ŽˆYKˆ›ÜÈŽˆÂˆ™\Ú[ˆ‚ˆKˆ™[™Ú[™\ÈŽˆÂˆ››ÙHŽˆ—ŒNŒMËŒŒŒŒËŒLŒKŒŒ‚ˆKˆ™[™[™ÈŽˆÂˆ\›ŽˆšÎ‹ËÛÜ[˜ÛÛXÝ]™K˜ÛÛKÛXš\È‚ˆKˆ›Ü[Û˜[\[™[˜ÚY\ÈŽˆÂˆ[YËÜÚ\œ[Xš\ËY\Ú[‹X\›MŽˆŒKŒ‹‚ˆBˆKˆ››ÙWÛ[Ù[\ËÐ[YËÜÚ\œY\Ú[‹^ŽˆÂˆ™\œÚ[ÛˆŽˆŒŒÍH‹ˆœ™\ÛÛ™YŽˆšÎ‹ËÜ™YÚ\ÝžK›œZœË›Ü™ËÐ[YËÜÚ\œY\Ú[‹^ËKÜÚ\œY\Ú[‹^LŒÍKÞˆ‹ˆš[YÜš]HŽˆœÚMLL‹VS‘QQ‹ÍÔKÔUÌŠÜŠØU•œÛÒVLÜ^ZÑŒ”ÕÙ
Ó”šÛSPÞNS–UœTMZÐÛKÒÒÌÔÞZÜ[TSRÓš’‘]ÏOH‹ˆ˜ÜHŽˆÂˆž‚ˆKˆ›XÙ[œÙHŽˆ\XÚKL‹Œ‹ˆ›Ü[Û˜[ŽˆYKˆ›ÜÈŽˆÂˆ™\Ú[ˆ‚ˆKˆ™[™Ú[™\ÈŽˆÂˆ››ÙHŽˆ—ŒNŒMËŒŒŒŒËŒLŒKŒŒ‚ˆKˆ™[™[™ÈŽˆÂˆ\›ŽˆšÎ‹ËÛÜ[˜ÛÛXÝ]™K˜ÛÛKÛXš\È‚ˆKˆ›Ü[Û˜[\[™[˜ÚY\ÈŽˆÂˆ[YËÜÚ\œ[Xš\ËY\Ú[‹^ŽˆŒKŒ‹‚ˆBˆKˆ››ÙWÛ[Ù[\ËÐ[YËÜÚ\œ[Xš\ËY\Ú[‹X\›MŽˆÂˆ™\œÚ[ÛˆŽˆŒKŒ‹‹ˆœ™\ÛÛ™YŽˆšÎ‹ËÜ™YÚ\ÝžK›œZœË›Ü™ËÐ[YËÜÚ\œ[Xš\ËY\Ú[‹X\›MËKÜÚ\œ[Xš\ËY\Ú[‹X\›MLKŒ‹Þˆ‹ˆš[YÜš]HŽˆœÚMLL‹^œZš›ÍÔ˜]™‘›ÔZÔMLZ™Q–›•‘LœšX^YÒŒQËÜ’›œÜ’SØÔPSZN\ÐMXÛÍ^[”YYÐÝŒXÝYÎ™ÏOH‹ˆ˜ÜHŽˆÂˆ˜\›M‚ˆKˆ›XÙ[œÙHŽˆ“ÔLËŒ[Ü‹[]\ˆ‹ˆ›Ü[Û˜[ŽˆYKˆ›ÜÈŽˆÂˆ™\Ú[ˆ‚ˆKˆ™[™[™ÈŽˆÂˆ\›ŽˆšÎ‹ËÛÜ[˜ÛÛXÝ]™K˜ÛÛKÛXš\È‚ˆBˆKˆ››ÙWÛ[Ù[\ËÐ[YËÜÚ\œ[Xš\ËY\Ú[‹^ŽˆÂˆ™\œÚ[ÛˆŽˆŒKŒ‹‹ˆœ™\ÛÛ™YŽˆšÎ‹ËÜ™YÚ\ÝžK›œZœË›Ü™ËÐ[YËÜÚ\œ[Xš\ËY\Ú[‹^ËKÜÚ\œ[Xš\ËY\Ú[‹^LKŒ‹Þˆ‹ˆš[YÜš]HŽˆœÚMLL‹LRSÙ^•šÝÖ
Þ–Œ“ŽLÚÌSSÓ•[Sž[’ÌYUZËÒLMRÐÊÕÔÚXVÛ›X›L’“LYÖŒ”Ù”ÜÜ–˜‘ÒÙÏOH‹ˆ˜ÜHŽˆÂˆž‚ˆKˆ›XÙ[œÙHŽˆ“ÔLËŒ[Ü‹[]\ˆ‹ˆ›Ü[Û˜[ŽˆYKˆ›ÜÈŽˆÂˆ™\Ú[ˆ‚ˆKˆ™[™[™ÈŽˆÂˆ\›ŽˆšÎ‹ËÛÜ[˜ÛÛXÝ]™K˜ÛÛKÛXš\È‚ˆBˆKˆ››ÙWÛ[Ù[\ËÐ[YËÜÚ\œ[Xš\Ë[[^X\›HŽˆÂˆ™\œÚ[ÛˆŽˆŒKŒ‹‹ˆœ™\ÛÛ™YŽˆšÎ‹ËÜ™YÚ\ÝžK›œZœË›Ü™ËÐ[YËÜÚ\œ[Xš\Ë[[^X\›KËKÜÚ\œ[Xš\Ë[[^X\›KLKŒ‹Þˆ‹ˆš[YÜš]HŽˆœÚMLL‹X‘’MÞÒÑ‘SSÕ›ÝŽMXML˜žPJÛÖÐZŠÔNÝÓÍ”NQÚ–Y›Ô\\ÒÑÝ[ÓÛÊÖ’LÌLLPS“TNOOH‹ˆ˜ÜHŽˆÂˆ˜\›H‚ˆKˆ›X˜ÈŽˆÂˆ™ÛX˜È‚ˆKˆ›XÙ[œÙHŽˆ“ÔLËŒ[Ü‹[]\ˆ‹ˆ›Ü[Û˜[ŽˆYKˆ›ÜÈŽˆÂˆ›[^‚ˆKˆ™[™[™ÈŽˆÂˆ\›ŽˆšÎ‹ËÛÜ[˜ÛÛXÝ]™K˜ÛÛKÛXš\È‚ˆBˆKˆ››ÙWÛ[Ù[\ËÐ[YËÜÚ\œ[Xš\Ë[[^X\›MŽˆÂˆ™\œÚ[ÛˆŽˆŒKŒ‹‹ˆœ™\ÛÛ™YŽˆšÎ‹ËÜ™YÚ\ÝžK›œZœË›Ü™ËÐ[YËÜÚ\œ[Xš\Ë[[^X\›MËKÜÚ\œ[Xš\Ë[[^X\›MLKŒ‹Þˆ‹ˆš[YÜš]HŽˆœÚMLL‹Y^Ú–œÒXÒŒLRÞœ˜ÕÙLYYÎT]Q””ÖUÝ”]ŠÕM\ÖZ[ŒœÌÌ™šZÖÚ˜ŒTQ˜ËÎS]ŽÞJÚTšÛÜÏOH‹ˆ˜ÜHŽˆÂˆ˜\›M‚ˆKˆ›X˜ÈŽˆÂˆ™ÛX˜È‚ˆKˆ›XÙ[œÙHŽˆ“ÔLËŒ[Ü‹[]\ˆ‹ˆ›Ü[Û˜[ŽˆYKˆ›ÜÈŽˆÂˆ›[^‚ˆKˆ™[™[™ÈŽˆÂˆ\›ŽˆšÎ‹ËÛÜ[˜ÛÛXÝ]™K˜ÛÛKÛXš\È‚ˆBˆKˆ››ÙWÛ[Ù[\ËÐ[YËÜÚ\œ[Xš\Ë[[^\ÍŽˆÂˆ™\œÚ[ÛˆŽˆŒKŒ‹‹ˆœ™\ÛÛ™YŽˆšÎ‹ËÜ™YÚ\ÝžK›œZœË›Ü™ËÐ[YËÜÚ\œ[Xš\Ë[[^\ÍËKÜÚ\œ[Xš\Ë[[^\ÍLKŒ‹Þˆ‹ˆš[YÜš]HŽˆœÚMLL‹Q“]]‘ÚZ“QÍ›ÊØ‹Õ]žZ[UÝMP^]JÌÜŒ™TÎ›ÝQÐÒ^VUKÍÍ™ZYÌUY“[ZÖÝÙÓÜž’Þ›X‘”ÝTY™ÛMÑÖUTOOH‹ˆ˜ÜHŽˆÂˆœÍ‚ˆKˆ›X˜ÈŽˆÂˆ™ÛX˜È‚ˆKˆ›XÙ[œÙHŽˆ“ÔLËŒ[Ü‹[]\ˆ‹ˆ›Ü[Û˜[ŽˆYKˆ›ÜÈŽˆÂˆ›[^‚ˆKˆ™[™[™ÈŽˆÂˆ\›ŽˆšÎ‹ËÛÜ[˜ÛÛXÝ]™K˜ÛÛKÛXš\È‚ˆBˆKˆ››ÙWÛ[Ù[\ËÐ[YËÜÚ\œ[Xš\Ë[[^\š\ØÝŽˆÂˆ™\œÚ[ÛˆŽˆŒKŒ‹‹ˆœ™\ÛÛ™YŽˆšÎ‹ËÜ™YÚ\ÝžK›œZœË›Ü™ËÐ[YËÜÚ\œ[Xš\Ë[[^\š\ØÝËKÜÚ\œ[Xš\Ë[[^\š\ØÝLKŒ‹Þˆ‹ˆš[YÜš]HŽˆœÚMLL‹[Õ‘˜Ô•PÌÙN]X”ÛJÞ‘U^ÖšÜX”‘RSØÒLØÕS‘XŒNÜ‹ÕØÞ^Ó””YT^“ÚR˜–‘‘ŒU]ÔÌœØÞQÐOOH‹ˆ˜ÜHŽˆÂˆœš\ØÝ‚ˆKˆ›X˜ÈŽˆÂˆ™ÛX˜È‚ˆKˆ›XÙ[œÙHŽˆ“ÔLËŒ[Ü‹[]\ˆ‹ˆ›Ü[Û˜[ŽˆYKˆ›ÜÈŽˆÂˆ›[^‚ˆKˆ™[™[™ÈŽˆÂˆ\›ŽˆšÎ‹ËÛÜ[˜ÛÛXÝ]™K˜ÛÛKÛXš\È‚ˆBˆKˆ››ÙWÛ[Ù[\ËÐ[YËÜÚ\œ[Xš\Ë[[^\ÌÎLŽˆÂˆ™\œÚ[ÛˆŽˆŒKŒ‹‹ˆœ™\ÛÛ™YŽˆšÎ‹ËÜ™YÚ\ÝžK›œZœË›Ü™ËÐ[YËÜÚ\œ[Xš\Ë[[^\ÌÎLËKÜÚ\œ[Xš\Ë[[^\ÌÎLLKŒ‹Þˆ‹ˆš[YÜš]HŽˆœÚMLL‹\[\Uœž™ÔÓ[ÑÖžTœ”RZÌ^ZLÔ\•Ì•ZÍ›•ŒTÒUÍ“ÜSÒ[ÝŠÒŒ^Q]MÓX‘”XQÙÒ’Ú’TžOOH‹ˆ˜ÜHŽˆÂˆœÌÎL‚ˆKˆ›X˜ÈŽˆÂˆ™ÛX˜È‚ˆKˆ›XÙ[œÙHŽˆ“ÔLËŒ[Ü‹[]\ˆ‹ˆ›Ü[Û˜[ŽˆYKˆ›ÜÈŽˆÂˆ›[^‚ˆKˆ™[™[™ÈŽˆÂˆ\›ŽˆšÎ‹ËÛÜ[˜ÛÛXÝ]™K˜ÛÛKÛXš\È‚ˆBˆKˆ››ÙWÛ[Ù[\ËÐ[YËÜÚ\œ[Xš\Ë[[^^ŽˆÂˆ™\œÚ[ÛˆŽˆŒKŒ‹‹ˆœ™\ÛÛ™YŽˆšÎ‹ËÜ™YÚ\ÝžK›œZœË›Ü™ËÐ[YËÜÚ\œ[Xš\Ë[[^^ËKÜÚ\œ[Xš\Ë[[^^LKŒ‹Þˆ‹ˆš[YÜš]HŽˆœÚMLL‹]žZSÛRÎP^XžŒÛØSÖP•T•ÒT‘ÑœZ™U’Ûœ’ŽKÊÚÎ\X“˜Ò›œÊÙM˜SžQVœÑÙY]TÏOH‹ˆ˜ÜHŽˆÂˆž‚ˆKˆ›X˜ÈŽˆÂˆ™ÛX˜È‚ˆKˆ›XÙ[œÙHŽˆ“ÔLËŒ[Ü‹[]\ˆ‹ˆ›Ü[Û˜[ŽˆYKˆ›ÜÈŽˆÂˆ›[^‚ˆKˆ™[™[™ÈŽˆÂˆ\›ŽˆšÎ‹ËÛÜ[˜ÛÛXÝ]™K˜ÛÛKÛXš\È‚ˆBˆKˆ››ÙWÛ[Ù[\ËÐ[YËÜÚ\œ[Xš\Ë[[^]\ÛX\›MŽˆÂˆ™\œÚ[ÛˆŽˆŒKŒ‹‹ˆœ™\ÛÛ™YŽˆšÎ‹ËÜ™YÚ\ÝžK›œZœË›Ü™ËÐ[YËÜÚ\œ[Xš\Ë[[^]\ÛX\›MËKÜÚ\œ[Xš\Ë[[^]\ÛX\›MLKŒ‹Þˆ‹ˆš[YÜš]HŽˆœÚMLL‹Q•”R]ÞRR]S›ÝÎTPX–U^’ŠÑ[ŽØÕ›NSÍJÝQÕTR’V›SQPÖ›SÛ^R’ÛŒUšÖTÌÞR›ÚÒUŽTÝ\V‘ÑÖÏOH‹ˆ˜ÜHŽˆÂˆ˜\›M‚ˆKˆ›X˜ÈŽˆÂˆ›]\Û‚ˆKˆ›XÙ[œÙHŽˆ“ÔLËŒ[Ü‹[]\ˆ‹ˆ›Ü[Û˜[ŽˆYKˆ›ÜÈŽˆÂˆ›[^‚ˆKˆ™[™[™ÈŽˆÂˆ\›ŽˆšÎ‹ËÛÜ[˜ÛÛXÝ]™K˜ÛÛKÛXš\È‚ˆBˆKˆ››ÙWÛ[Ù[\ËÐ[YËÜÚ\œ[Xš\Ë[[^]\Û^ŽˆÂˆ™\œÚ[ÛˆŽˆŒKŒ‹‹ˆœ™\ÛÛ™YŽˆšÎ‹ËÜ™YÚ\ÝžK›œZœË›Ü™ËÐ[YËÜÚ\œ[Xš\Ë[[^]\Û^ËKÜÚ\œ[Xš\Ë[[^]\Û^LKŒ‹Þˆ‹ˆš[YÜš]HŽˆœÚMLL‹JÓPšÍÓ’VÞ‹Õ–Y™ÛVÛÚÞ^‘TØÍ•^ÛÞ[Ì’ÜÍ’žÍMÜÑÚœÕN\ÍYÜYÚšŒYÖÞ[YS˜[\PLSQÑÏOH‹ˆ˜ÜHŽˆÂˆž‚ˆKˆ›X˜ÈŽˆÂˆ›]\Û‚ˆKˆ›XÙ[œÙHŽˆ“ÔLËŒ[Ü‹[]\ˆ‹ˆ›Ü[Û˜[ŽˆYKˆ›ÜÈŽˆÂˆ›[^‚ˆKˆ™[™[™ÈŽˆÂˆ\›ŽˆšÎ‹ËÛÜ[˜ÛÛXÝ]™K˜ÛÛKÛXš\È‚ˆBˆKˆ››ÙWÛ[Ù[\ËÐ[YËÜÚ\œ[[^X\›HŽˆÂˆ™\œÚ[ÛˆŽˆŒŒÍH‹ˆœ™\ÛÛ™YŽˆšÎ‹ËÜ™YÚ\ÝžK›œZœË›Ü™ËÐ[YËÜÚ\œ[[^X\›KËKÜÚ\œ[[^X\›KLŒÍKÞˆ‹ˆš[YÜš]HŽˆœÚMLL‹NY\ÝÝÌ]]V‘Ö’ÜÞ[NMNMJÝZŒÒ•šNØÕS”ÑœÕ‹ÑÓÓ˜]YPÚÞ”[ËÌSÍž”’ZÚKÎ
ÍPšœ”œÚ‘TÖÏOH‹ˆ˜ÜHŽˆÂˆ˜\›H‚ˆKˆ›X˜ÈŽˆÂˆ™ÛX˜È‚ˆKˆ›XÙ[œÙHŽˆ\XÚKL‹Œ‹ˆ›Ü[Û˜[ŽˆYKˆ›ÜÈŽˆÂˆ›[^‚ˆKˆ™[™Ú[™\ÈŽˆÂˆ››ÙHŽˆ—ŒNŒMËŒŒŒŒËŒLŒKŒŒ‚ˆKˆ™[™[™ÈŽˆÂˆ\›ŽˆšÎ‹ËÛÜ[˜ÛÛXÝ]™K˜ÛÛKÛXš\È‚ˆKˆ›Ü[Û˜[\[™[˜ÚY\ÈŽˆÂˆ[YËÜÚ\œ[Xš\Ë[[^X\›HŽˆŒKŒ‹‚ˆBˆKˆ››ÙWÛ[Ù[\ËÐ[YËÜÚ\œ[[^X\›MŽˆÂˆ™\œÚ[ÛˆŽˆŒŒÍH‹ˆœ™\ÛÛ™YŽˆšÎ‹ËÜ™YÚ\ÝžK›œZœË›Ü™ËÐ[YËÜÚ\œ[[^X\›MËKÜÚ\œ[[^X\›MLŒÍKÞˆ‹ˆš[YÜš]HŽˆœÚMLL‹X’Ô^˜R”–KØšÔÖRÞQU\ÜZØ[Ú‘PÑÍ““\ÝÙÚÝÖš˜VXÔÐYPÕÚVÝÚQ™ŒËÖJÓÌR˜]ZQLÑ•œÑÞ™ÎÌ–™ÏOH‹ˆ˜ÜHŽˆÂˆ˜\›M‚ˆKˆ›X˜ÈŽˆÂˆ™ÛX˜È‚ˆKˆ›XÙ[œÙHŽˆ\XÚKL‹Œ‹ˆ›Ü[Û˜[ŽˆYKˆ›ÜÈŽˆÂˆ›[^‚ˆKˆ™[™Ú[™\ÈŽˆÂˆ››ÙHŽˆ—ŒNŒMËŒŒŒŒËŒLŒKŒŒ‚ˆKˆ™[™[™ÈŽˆÂˆ\›ŽˆšÎ‹ËÛÜ[˜ÛÛXÝ]™K˜ÛÛKÛXš\È‚ˆKˆ›Ü[Û˜[\[™[˜ÚY\ÈŽˆÂˆ[YËÜÚ\œ[Xš\Ë[[^X\›MŽˆŒKŒ‹‚ˆBˆKˆ››ÙWÛ[Ù[\ËÐ[YËÜÚ\œ[[^\ÍŽˆÂˆ™\œÚ[ÛˆŽˆŒŒÍH‹ˆœ™\ÛÛ™YŽˆšÎ‹ËÜ™YÚ\ÝžK›œZœË›Ü™ËÐ[YËÜÚ\œ[[^\ÍËKÜÚ\œ[[^\ÍLŒÍKÞˆ‹ˆš[YÜš]HŽˆœÚMLL‹MÞž›Ó˜\UÍ–]Ùœ‘ÑÑM”šÒTÒÐPQLR›ÌY–V“RLŠÌ”›šÜÎÓUTSLM–’˜Õ]ž\Õ•ÕÜ“YY–œ]POOH‹ˆ˜ÜHŽˆÂˆœÍ‚ˆKˆ›X˜ÈŽˆÂˆ™ÛX˜È‚ˆKˆ›XÙ[œÙHŽˆ\XÚKL‹Œ‹ˆ›Ü[Û˜[ŽˆYKˆ›ÜÈŽˆÂˆ›[^‚ˆKˆ™[™Ú[™\ÈŽˆÂˆ››ÙHŽˆ—ŒNŒMËŒŒŒŒËŒLŒKŒŒ‚ˆKˆ™[™[™ÈŽˆÂˆ\›ŽˆšÎ‹ËÛÜ[˜ÛÛXÝ]™K˜ÛÛKÛXš\È‚ˆKˆ›Ü[Û˜[\[™[˜ÚY\ÈŽˆÂˆ[YËÜÚ\œ[Xš\Ë[[^\ÍŽˆŒKŒ‹‚ˆBˆKˆ››ÙWÛ[Ù[\ËÐ[YËÜÚ\œ[[^\š\ØÝŽˆÂˆ™\œÚ[ÛˆŽˆŒŒÍH‹ˆœ™\ÛÛ™YŽˆšÎ‹ËÜ™YÚ\ÝžK›œZœË›Ü™ËÐ[YËÜÚ\œ[[^\š\ØÝËKÜÚ\œ[[^\š\ØÝLŒÍKÞˆ‹ˆš[YÜš]HŽˆœÚMLL‹MLYÒSØMÜVTUœÎÛPž[ÍËÕMËÍÕ“ÜJØÛ–’R’Ø]’T’TÍÙLÓŒ’[ÙÚ\YÝÌUYšR›’RMÍÔQ™ÏOH‹ˆ˜ÜHŽˆÂˆœš\ØÝ‚ˆKˆ›X˜ÈŽˆÂˆ™ÛX˜È‚ˆKˆ›XÙ[œÙHŽˆ\XÚKL‹Œ‹ˆ›Ü[Û˜[ŽˆYKˆ›ÜÈŽˆÂˆ›[^‚ˆKˆ™[™Ú[™\ÈŽˆÂˆ››ÙHŽˆ—ŒNŒMËŒŒŒŒËŒLŒKŒŒ‚ˆKˆ™[™[™ÈŽˆÂˆ\›ŽˆšÎ‹ËÛÜ[˜ÛÛXÝ]™K˜ÛÛKÛXš\È‚ˆKˆ›Ü[Û˜[\[™[˜ÚY\ÈŽˆÂˆ[YËÜÚ\œ[Xš\Ë[[^\š\ØÝŽˆŒKŒ‹‚ˆBˆKˆ››ÙWÛ[Ù[\ËÐ[YËÜÚ\œ[[^\ÌÎLŽˆÂˆ™\œÚ[ÛˆŽˆŒŒÍH‹ˆœ™\ÛÛ™YŽˆšÎ‹ËÜ™YÚ\ÝžK›œZœË›Ü™ËÐ[YËÜÚ\œ[[^\ÌÎLËKÜÚ\œ[[^\ÌÎLLŒÍKÞˆ‹ˆš[YÜš]HŽˆœÚMLL‹[”]ÚÌÙšÌÙPÍS\˜”[ÚYÒŒ™ÙPÙÙSZØX•ZŠÜ™]œÎŒ˜ÕSÞ‘MÛÞV
ÌÑÙP™Ò]ÛSPÌœZYUT™ÏOH‹ˆ˜ÜHŽˆÂˆœÌÎL‚ˆKˆ›X˜ÈŽˆÂˆ™ÛX˜È‚ˆKˆ›XÙ[œÙHŽˆ\XÚKL‹Œ‹ˆ›Ü[Û˜[ŽˆYKˆ›ÜÈŽˆÂˆ›[^‚ˆKˆ™[™Ú[™\ÈŽˆÂˆ››ÙHŽˆ—ŒNŒMËŒŒŒŒËŒLŒKŒŒ‚ˆKˆ™[™[™ÈŽˆÂˆ\›ŽˆšÎ‹ËÛÜ[˜ÛÛXÝ]™K˜ÛÛKÛXš\È‚ˆKˆ›Ü[Û˜[\[™[˜ÚY\ÈŽˆÂˆ[YËÜÚ\œ[Xš\Ë[[^\ÌÎLŽˆŒKŒ‹‚ˆBˆKˆ››ÙWÛ[Ù[\ËÐ[YËÜÚ\œ[[^^ŽˆÂˆ™\œÚ[ÛˆŽˆŒŒÍH‹ˆœ™\ÛÛ™YŽˆšÎ‹ËÜ™YÚ\ÝžK›œZœË›Ü™ËÐ[YËÜÚ\œ[[^^ËKÜÚ\œ[[^^LŒÍKÞˆ‹ˆš[YÜš]HŽˆœÚMLL‹SQ^™Þž™[ÐXJÒ””ÑPÍÔQš›ÔÝTÍS–›ŒÜMÑQÌ‘ÙLY[Óœ™ŒÓÔRÊÐ”Q]Î^”ÝR•”TTTOOH‹ˆ˜ÜHŽˆÂˆž‚ˆKˆ›X˜ÈŽˆÂˆ™ÛX˜È‚ˆKˆ›XÙ[œÙHŽˆ\XÚKL‹Œ‹ˆ›Ü[Û˜[ŽˆYKˆ›ÜÈŽˆÂˆ›[^‚ˆKˆ™[™Ú[™\ÈŽˆÂˆ››ÙHŽˆ—ŒNŒMËŒŒŒŒËŒLŒKŒŒ‚ˆKˆ™[™[™ÈŽˆÂˆ\›ŽˆšÎ‹ËÛÜ[˜ÛÛXÝ]™K˜ÛÛKÛXš\È‚ˆKˆ›Ü[Û˜[\[™[˜ÚY\ÈŽˆÂˆ[YËÜÚ\œ[Xš\Ë[[^^ŽˆŒKŒ‹‚ˆBˆKˆ››ÙWÛ[Ù[\ËÐ[YËÜÚ\œ[[^]\ÛX\›MŽˆÂˆ™\œÚ[ÛˆŽˆŒŒÍH‹ˆœ™\ÛÛ™YŽˆšÎ‹ËÜ™YÚ\ÝžK›œZœË›Ü™ËÐ[YËÜÚ\œ[[^]\ÛX\›MËKÜÚ\œ[[^]\ÛX\›MLŒÍKÞˆ‹ˆš[YÜš]HŽˆœÚMLL‹Yœ’”‘ÝœÓ]’ÞYœM\ÐÚ–™QÓŽMÙÕÌÌ]ÙTŒY^XÌ\ž\PP“•LžL]ÑM›XQ[šÌÓ–”PMÒYŒ^YÏOH‹ˆ˜ÜHŽˆÂˆ˜\›M‚ˆKˆ›X˜ÈŽˆÂˆ›]\Û‚ˆKˆ›XÙ[œÙHŽˆ\XÚKL‹Œ‹ˆ›Ü[Û˜[ŽˆYKˆ›ÜÈŽˆÂˆ›[^‚ˆKˆ™[™Ú[™\ÈŽˆÂˆ››ÙHŽˆ—ŒNŒMËŒŒŒŒËŒLŒKŒŒ‚ˆKˆ™[™[™ÈŽˆÂˆ\›ŽˆšÎ‹ËÛÜ[˜ÛÛXÝ]™K˜ÛÛKÛXš\È‚ˆKˆ›Ü[Û˜[\[™[˜ÚY\ÈŽˆÂˆ[YËÜÚ\œ[Xš\Ë[[^]\ÛX\›MŽˆŒKŒ‹‚ˆBˆKˆ››ÙWÛ[Ù[\ËÐ[YËÜÚ\œ[[^]\Û^ŽˆÂˆ™\œÚ[ÛˆŽˆŒŒÍH‹ˆœ™\ÛÛ™YŽˆšÎ‹ËÜ™YÚ\ÝžK›œZœË›Ü™ËÐ[YËÜÚ\œ[[^]\Û^ËKÜÚ\œ[[^]\Û^LŒÍKÞˆ‹ˆš[YÜš]HŽˆœÚMLL‹R™ÎÓ•SU^’]š‘žš\\‘ZÑÞœ^[[ÌÜÕÞÖœØUØ–“‘’–›Ô‘Üš[ŒV]Ù–N’RØÕÚY›Ú›ÕÜ™OOH‹ˆ˜ÜHŽˆÂˆž‚ˆKˆ›X˜ÈŽˆÂˆ›]\Û‚ˆKˆ›XÙ[œÙHŽˆ\XÚKL‹Œ‹ˆ›Ü[Û˜[ŽˆYKˆ›ÜÈŽˆÂˆ›[^‚ˆKˆ™[™Ú[™\ÈŽˆÂˆ››ÙHŽˆ—ŒNŒMËŒŒŒŒËŒLŒKŒŒ‚ˆKˆ™[™[™ÈŽˆÂˆ\›ŽˆšÎ‹ËÛÜ[˜ÛÛXÝ]™K˜ÛÛKÛXš\È‚ˆKˆ›Ü[Û˜[\[™[˜ÚY\ÈŽˆÂˆ[YËÜÚ\œ[Xš\Ë[[^]\Û^ŽˆŒKŒ‹‚ˆBˆKˆ››ÙWÛ[Ù[\ËÐ[YËÜÚ\œ]Ø\ÛLÌˆŽˆÂˆ™\œÚ[ÛˆŽˆŒŒÍH‹ˆœ™\ÛÛ™YŽˆšÎ‹ËÜ™YÚ\ÝžK›œZœË›Ü™ËÐ[YËÜÚ\œ]Ø\ÛLÌ‹ËKÜÚ\œ]Ø\ÛLÌ‹LŒÍKÞˆ‹ˆš[YÜš]HŽˆœÚMLL‹SÙÕZUšÖL”ÜZØ’Nœ‘žTQ™ZÒTÔÚÕRRšÝÞ˜ÛÖ™MÌV[Zœ\\ST•\SÔZÍ‘KÒÖ˜›\Ì]ÏOH‹ˆ˜ÜHŽˆÂˆØ\ÛLÌˆ‚ˆKˆ›XÙ[œÙHŽˆ\XÚKL‹ŒS‘ÔLËŒ[Ü‹[]\ˆS‘RU‹ˆ›Ü[Û˜[ŽˆYKˆ™\[™[˜ÚY\ÈŽˆÂˆ[[˜\KÜ[[YHŽˆ—ŒKËŒ‚ˆKˆ™[™Ú[™\ÈŽˆÂˆ››ÙHŽˆ—ŒNŒMËŒŒŒŒËŒLŒKŒŒ‚ˆKˆ™[™[™ÈŽˆÂˆ\›ŽˆšÎ‹ËÛÜ[˜ÛÛXÝ]™K˜ÛÛKÛXš\È‚ˆBˆKˆ››ÙWÛ[Ù[\ËÐ[YËÜÚ\œ]Ú[ŒÌ‹X\›MŽˆÂˆ™\œÚ[ÛˆŽˆŒŒÍH‹ˆœ™\ÛÛ™YŽˆšÎ‹ËÜ™YÚ\ÝžK›œZœË›Ü™ËÐ[YËÜÚ\œ]Ú[ŒÌ‹X\›MËKÜÚ\œ]Ú[ŒÌ‹X\›MLŒÍKÞˆ‹ˆš[YÜš]HŽˆœÚMLL‹UÔLÐYÕÐÕÖTØŒž]
ÒQÎ[Í’™ÎUÚÍÓÌÞ›Ó™ÜÕ]MŽV‘ÌQÚØ“]žÓPÝÚT˜Ó”Ö“žÔÝÍÙÏOH‹ˆ˜ÜHŽˆÂˆ˜\›M‚ˆKˆ›XÙ[œÙHŽˆ\XÚKL‹ŒS‘ÔLËŒ[Ü‹[]\ˆ‹ˆ›Ü[Û˜[ŽˆYKˆ›ÜÈŽˆÂˆÚ[ŒÌˆ‚ˆKˆ™[™Ú[™\ÈŽˆÂˆ››ÙHŽˆ—ŒNŒMËŒŒŒŒËŒLŒKŒŒ‚ˆKˆ™[™[™ÈŽˆÂˆ\›ŽˆšÎ‹ËÛÜ[˜ÛÛXÝ]™K˜ÛÛKÛXš\È‚ˆBˆKˆ››ÙWÛ[Ù[\ËÐ[YËÜÚ\œ]Ú[ŒÌ‹ZXLÌˆŽˆÂˆ™\œÚ[ÛˆŽˆŒŒÍH‹ˆœ™\ÛÛ™YŽˆšÎ‹ËÜ™YÚ\ÝžK›œZœË›Ü™ËÐ[YËÜÚ\œ]Ú[ŒÌ‹ZXLÌ‹ËKÜÚ\œ]Ú[ŒÌ‹ZXLÌ‹LŒÍKÞˆ‹ˆš[YÜš]HŽˆœÚMLL‹Q•Ž[KÍÓ›YPÛTÒZ
Í’NÜØUÊÒ“ÖÕ[Ì\^Z”ÙV’ŽU[ZZž\XRœÒZUJÒÜÝÍžMRÚZUÔ’ÔÙÓ™ÏOH‹ˆ˜ÜHŽˆÂˆšXLÌˆ‚ˆKˆ›XÙ[œÙHŽˆ\XÚKL‹ŒS‘ÔLËŒ[Ü‹[]\ˆ‹ˆ›Ü[Û˜[ŽˆYKˆ›ÜÈŽˆÂˆÚ[ŒÌˆ‚ˆKˆ™[™Ú[™\ÈŽˆÂˆ››ÙHŽˆ—ŒNŒMËŒŒŒŒËŒLŒKŒŒ‚ˆKˆ™[™[™ÈŽˆÂˆ\›ŽˆšÎ‹ËÛÜ[˜ÛÛXÝ]™K˜ÛÛKÛXš\È‚ˆBˆKˆ››ÙWÛ[Ù[\ËÐ[YËÜÚ\œ]Ú[ŒÌ‹^ŽˆÂˆ™\œÚ[ÛˆŽˆŒŒÍH‹ˆœ™\ÛÛ™YŽˆšÎ‹ËÜ™YÚ\ÝžK›œZœË›Ü™ËÐ[YËÜÚ\œ]Ú[ŒÌ‹^ËKÜÚ\œ]Ú[ŒÌ‹^LŒÍKÞˆ‹ˆš[YÜš]HŽˆœÚMLL‹JÌŽVS\ÜVL‹ÎYQ‘ZUÎLÙ\UÛSÕØÝY›ÝÖ]ÝÔÓ’U•]Ö™UPÜ“LÛÑš“UÒÖ‹Õ[X™[›YU˜œÙ]\šœžPÝÏOH‹ˆ˜ÜHŽˆÂˆž‚ˆKˆ›XÙ[œÙHŽˆ\XÚKL‹ŒS‘ÔLËŒ[Ü‹[]\ˆ‹ˆ›Ü[Û˜[ŽˆYKˆ›ÜÈŽˆÂˆÚ[ŒÌˆ‚ˆKˆ™[™Ú[™\ÈŽˆÂˆ››ÙHŽˆ—ŒNŒMËŒŒŒŒËŒLŒKŒŒ‚ˆKˆ™[™[™ÈŽˆÂˆ\›ŽˆšÎ‹ËÛÜ[˜ÛÛXÝ]™K˜ÛÛKÛXš\È‚ˆBˆKˆ››ÙWÛ[Ù[\ËÐ™[Û™]X˜\ÙKÜÙ\™\›\ÜÈŽˆÂˆ™\œÚ[ÛˆŽˆŒŒL‹ˆœ™\ÛÛ™YŽˆšÎ‹ËÜ™YÚ\ÝžK›œZœË›Ü™ËÐ™[Û™]X˜\ÙKÜÙ\™\›\ÜËËKÜÙ\™\›\ÜËLŒLÞˆ‹ˆš[YÜš]HŽˆœÚMLL‹L›–ZÕ•SÎ]›Ð˜]]Z
ÒQÖTšÕKÓ\ÚÕÒR]V’ÒÍ‘Ó‘ÝZ‹ÒÕšRÛÍÔÒ\“ÓÝÝ‘˜šT”ÊÐ™Ñ^LÝÕROOH‹ˆ›XÙ[œÙHŽˆ“RU‹ˆ™\[™[˜ÚY\ÈŽˆÂˆ\\ËÜÈŽˆŽŒLKˆ‚ˆBˆKˆ››ÙWÛ[Ù[\ËÐ™^Ù[ˆŽˆÂˆ™\œÚ[ÛˆŽˆŒMKKÈ‹ˆœ™\ÛÛ™YŽˆšÎ‹ËÜ™YÚ\ÝžK›œZœË›Ü™ËÐ™^Ù[‹ËKÙ[‹LMKKËÞˆ‹ˆš[YÜš]HŽˆœÚMLL‹M–L“žQZÒQSÖŽ^ÐLÜMž•ÔÌX•TÖPÌ™œÑž›’RÙV‘YRNL[ÍUÑPÔÛZœZŒÒ”S˜ÑYLÕ^˜Ý™ÏOH‹ˆ›XÙ[œÙHŽˆ“RU‚ˆKˆ››ÙWÛ[Ù[\ËÐ™^ÜÝØËY\Ú[‹X\›MŽˆÂˆ™\œÚ[ÛˆŽˆŒMKKÈ‹ˆœ™\ÛÛ™YŽˆšÎ‹ËÜ™YÚ\ÝžK›œZœË›Ü™ËÐ™^ÜÝØËY\Ú[‹X\›MËKÜÝØËY\Ú[‹X\›MLMKKËÞˆ‹ˆš[YÜš]HŽˆœÚMLL‹RVÝÑ\NLR•KÜUSÓÛØ•ÔÖ‘U˜PÙSÕ•MÙ–Ð^TÝ’ØKÜRÙÔ[M’ÒN\ÒÑÌŒÌZ˜Ø]ÌV]ÏOH‹ˆ˜ÜHŽˆÂˆ˜\›M‚ˆKˆ›XÙ[œÙHŽˆ“RU‹ˆ›Ü[Û˜[ŽˆYKˆ›ÜÈŽˆÂˆ™\Ú[ˆ‚ˆKˆ™[™Ú[™\ÈŽˆÂˆ››ÙHŽˆHL‚ˆBˆKˆ››ÙWÛ[Ù[\ËÐ™^ÜÝØËY\Ú[‹^ŽˆÂˆ™\œÚ[ÛˆŽˆŒMKKÈ‹ˆœ™\ÛÛ™YŽˆšÎ‹ËÜ™YÚ\ÝžK›œZœË›Ü™ËÐ™^ÜÝØËY\Ú[‹^ËKÜÝØËY\Ú[‹^LMKKËÞˆ‹ˆš[YÜš]HŽˆœÚMLL‹UTØQ˜ÜXPÐZ\KÙÙÑRÍÜÔ[ÖXRZ–’•ÓŽ]Ž\VRYRÝÒØÐUœÍÖ]’Z™QJÝÍQR]]Ñ’[ÖY\ÌŽ[ÏOH‹ˆ˜ÜHŽˆÂˆž‚ˆKˆ›XÙ[œÙHŽˆ“RU‹ˆ›Ü[Û˜[ŽˆYKˆ›ÜÈŽˆÂˆ™\Ú[ˆ‚ˆKˆ™[™Ú[™\ÈŽˆÂˆ››ÙHŽˆHL‚ˆBˆKˆ››ÙWÛ[Ù[\ËÐ™^ÜÝØË[[^X\›MYÛHŽˆÂˆ™\œÚ[ÛˆŽˆŒMKKÈ‹ˆœ™\ÛÛ™YŽˆšÎ‹ËÜ™YÚ\ÝžK›œZœË›Ü™ËÐ™^ÜÝØË[[^X\›MYÛKËKÜÝØË[[^X\›MYÛKLMKKËÞˆ‹ˆš[YÜš]HŽˆœÚMLL‹SÜÛÌÑÜ“’]ÍÓÙÛTžÑ”VZ^ÕPÜJÌÔÌ˜ØÚžVSÛŒTÞ‘Þ™SMMœ›Û’SUZ“˜’\ÜšVœÕÓÛPOOH‹ˆ˜ÜHŽˆÂˆ˜\›M‚ˆKˆ›X˜ÈŽˆÂˆ™ÛX˜È‚ˆKˆ›XÙ[œÙHŽˆ“RU‹ˆ›Ü[Û˜[ŽˆYKˆ›ÜÈŽˆÂˆ›[^‚ˆKˆ™[™Ú[™\ÈŽˆÂˆ››ÙHŽˆHL‚ˆBˆKˆ››ÙWÛ[Ù[\ËÐ™^ÜÝØË[[^X\›M[]\ÛŽˆÂˆ™\œÚ[ÛˆŽˆŒMKKÈ‹ˆœ™\ÛÛ™YŽˆšÎ‹ËÜ™YÚ\ÝžK›œZœË›Ü™ËÐ™^ÜÝØË[[^X\›M[]\ÛËKÜÝØË[[^X\›M[]\ÛLMKKËÞˆ‹ˆš[YÜš]HŽˆœÚMLL‹[™ž[]
ÔÑMXÝ‘Î]L]ÙÞœŽX•Û]ÕÚŒ›™ÚÔÌ“L^“MYZNÔ\RÔTKËÝ[RÊÕÒÙÓ˜›ÐžœÏOH‹ˆ˜ÜHŽˆÂˆ˜\›M‚ˆKˆ›X˜ÈŽˆÂˆ›]\Û‚ˆKˆ›XÙ[œÙHŽˆ“RU‹ˆ›Ü[Û˜[ŽˆYKˆ›ÜÈŽˆÂˆ›[^‚ˆKˆ™[™Ú[™\ÈŽˆÂˆ››ÙHŽˆHL‚ˆBˆKˆ››ÙWÛ[Ù[\ËÐ™^ÜÝØË[[^^YÛHŽˆÂˆ™\œÚ[ÛˆŽˆŒMKKÈ‹ˆœ™\ÛÛ™YŽˆšÎ‹ËÜ™YÚ\ÝžK›œZœË›Ü™ËÐ™^ÜÝØË[[^^YÛKËKÜÝØË[[^^YÛKLMKKËÞˆ‹ˆš[YÜš]HŽˆœÚMLL‹Z–ÖØXQXÖ˜Õž˜ÖMÑL]VŽ^Ö™‘šÓ’Ø™KÛÚÔš•ÜœÌRŒTUŠÍLP“ŒTÍ^‘QÖÙÜ[KÕ“XÛ\]ÏOH‹ˆ˜ÜHŽˆÂˆž‚ˆKˆ›X˜ÈŽˆÂˆ™ÛX˜È‚ˆKˆ›XÙ[œÙHŽˆ“RU‹ˆ›Ü[Û˜[ŽˆYKˆ›ÜÈŽˆÂˆ›[^‚ˆKˆ™[™Ú[™\ÈŽˆÂˆ››ÙHŽˆHL‚ˆBˆKˆ››ÙWÛ[Ù[\ËÐ™^ÜÝØË[[^^[]\ÛŽˆÂˆ™\œÚ[ÛˆŽˆŒMKKÈ‹ˆœ™\ÛÛ™YŽˆšÎ‹ËÜ™YÚ\ÝžK›œZœË›Ü™ËÐ™^ÜÝØË[[^^[]\ÛËKÜÝØË[[^^[]\ÛLMKKËÞˆ‹ˆš[YÜš]HŽˆœÚMLL‹MUSÍLÎXŽ›QŒÙM‹ÔÜPS’™ÝÛŒ^ÌQÚÔÍYÖYÝÖŒÑU’•YÚÚÍÔ‘Û\Ù”ÙÝÜÎXŒ–PR]ÌÛ]““ÌXÜPOOH‹ˆ˜ÜHŽˆÂˆž‚ˆKˆ›X˜ÈŽˆÂˆ›]\Û‚ˆKˆ›XÙ[œÙHŽˆ“RU‹ˆ›Ü[Û˜[ŽˆYKˆ›ÜÈŽˆÂˆ›[^‚ˆKˆ™[™Ú[™\ÈŽˆÂˆ››ÙHŽˆHL‚ˆBˆKˆ››ÙWÛ[Ù[\ËÐ™^ÜÝØË]Ú[ŒÌ‹X\›M[\Ý˜ÈŽˆÂˆ™\œÚ[ÛˆŽˆŒMKKÈ‹ˆœ™\ÛÛ™YŽˆšÎ‹ËÜ™YÚ\ÝžK›œZœË›Ü™ËÐ™^ÜÝØË]Ú[ŒÌ‹X\›M[\Ý˜ËËKÜÝØË]Ú[ŒÌ‹X\›M[\Ý˜ËLMKKËÞˆ‹ˆš[YÜš]HŽˆœÚMLL‹PÜ••ÖRLÖ˜Z”ZÐÍ]˜Z“MËÐ\Ò•SÛMTšÛ“LÖÝ’Õ–]ÜTÚ”ÓSLÙ^››’•”Ú™Û–R”ØLÞÔOOH‹ˆ˜ÜHŽˆÂˆ˜\›M‚ˆKˆ›XÙ[œÙHŽˆ“RU‹ˆ›Ü[Û˜[ŽˆYKˆ›ÜÈŽˆÂˆÚ[ŒÌˆ‚ˆKˆ™[™Ú[™\ÈŽˆÂˆ››ÙHŽˆHL‚ˆBˆKˆ››ÙWÛ[Ù[\ËÐ™^ÜÝØË]Ú[ŒÌ‹^[\Ý˜ÈŽˆÂˆ™\œÚ[ÛˆŽˆŒMKKÈ‹ˆœ™\ÛÛ™YŽˆšÎ‹ËÜ™YÚ\ÝžK›œZœË›Ü™ËÐ™^ÜÝØË]Ú[ŒÌ‹^[\Ý˜ËËKÜÝØË]Ú[ŒÌ‹^[\Ý˜ËLMKKËÞˆ‹ˆš[YÜš]HŽˆœÚMLL‹YÓ^™Ð–MM‘ŠÎKÔÐJÎYZ]ÛUÑMÐ“žÝŽUZQÐTœÜŽS˜˜MÒ\Ð”LZUŽ]Û[œ‘LÕ^M’MÐZœS”]\]ÏOH‹ˆ˜ÜHŽˆÂˆž‚ˆKˆ›XÙ[œÙHŽˆ“RU‹ˆ›Ü[Û˜[ŽˆYKˆ›ÜÈŽˆÂˆÚ[ŒÌˆ‚ˆKˆ™[™Ú[™\ÈŽˆÂˆ››ÙHŽˆHL‚ˆBˆKˆ››ÙWÛ[Ù[\ËÐÝØËÚ[\œÈŽˆÂˆ™\œÚ[ÛˆŽˆŒKŒMH‹ˆœ™\ÛÛ™YŽˆšÎ‹ËÜ™YÚ\ÝžK›œZœË›Ü™ËÐÝØËÚ[\œËËKÚ[\œËLKŒMKÞˆ‹ˆš[YÜš]HŽˆœÚMLL‹R”MUSZMSÝÚMÐ’SPR›ÔÔ[ÓÒLL›ÓÚËÙÐQ[ÕSR‘YŽžZ•TÜÞYS–›V–RÓZL•ØÖ]^‘ÑQZURKÑL™ÏOH‹ˆ›XÙ[œÙHŽˆ\XÚKL‹Œ‹ˆ™\[™[˜ÚY\ÈŽˆÂˆÛXˆŽˆ—Œ‹ŽŒ‚ˆBˆKˆ››ÙWÛ[Ù[\ËÐ\\ËÛ›ÙHŽˆÂˆ™\œÚ[ÛˆŽˆŒ‹Œ‹Œ‹ˆœ™\ÛÛ™YŽˆšÎ‹ËÜ™YÚ\ÝžK›œZœË›Ü™ËÐ\\ËÛ›ÙKËKÛ›ÙKL‹Œ‹ŒÞˆ‹ˆš[YÜš]HŽˆœÚMLL‹MR]š][™T“œRLMØËÒ[M[–ŽYØœNQ^PÍLœš–PÛÌÛ’LÜPž[[ËÙÓ‘™NM\‹ØÕÝÞÛJÚÙÏOH‹ˆ›XÙ[œÙHŽˆ“RU‹ˆ™\[™[˜ÚY\ÈŽˆÂˆ[™XÚK]\\ÈŽˆŸŽŒËŒ‚ˆBˆKˆ››ÙWÛ[Ù[\ËÐ\\ËÜÈŽˆÂˆ™\œÚ[ÛˆŽˆŽŒLKˆ‹ˆœ™\ÛÛ™YŽˆšÎ‹ËÜ™YÚ\ÝžK›œZœË›Ü™ËÐ\\ËÜËËKÜËNŒLK‹Þˆ‹ˆš[YÜš]HŽˆœÚMLL‹KÌ•Û[P–Ù”œ^™’ÍÐ“–ŽØ–^‘NÔÚÍÚLÕÚ‘–]™™Ô’ÔÌ^ŠÌM’™MY•RÝŒÛ™žšËÞ›ŽUÜYŠØ]‘Ñ’QLTOOH‹ˆ›XÙ[œÙHŽˆ“RU‹ˆ™\[™[˜ÚY\ÈŽˆÂˆ\\ËÛ›ÙHŽˆŠˆ‹ˆœË\›ÝØÛÛŽˆŠˆ‹ˆœË]\\ÈŽˆ—ŒŒH‚ˆBˆKˆ››ÙWÛ[Ù[\ËÐž[™ËØœ›ÝÜÙ\ˆŽˆÂˆ™\œÚ[ÛˆŽˆŒŒKH‹ˆœ™\ÛÛ™YŽˆšÎ‹ËÜ™YÚ\ÝžK›œZœË›Ü™ËÐž[™ËØœ›ÝÜÙ\‹ËKØœ›ÝÜÙ\‹LŒKKÞˆ‹ˆš[YÜš]HŽˆœÚMLL‹M\›‹Ú[
ÕS˜ŽÑÚÎZUÛšŒÎUTÑRLPÝÝÔÒM]JÝØLR\TÌÓ“UØ“•–V•ÛU]ZSZÛÕ•’ÙžÏOH‹ˆ›XÙ[œÙHŽˆ“RU‹ˆ›Ü[Û˜[\[™[˜ÚY\ÈŽˆÂˆž[™ËÝ^Y[˜ÛÙ[™ÈŽˆ—ŒŽKŒ‚ˆKˆœY\‘\[™[˜ÚY\ÈŽˆÂˆž[™ËÛXœ˜\žHŽˆ—ŒŒŒKŒ‚ˆBˆKˆ››ÙWÛ[Ù[\ËÐž[™ËÛXœ˜\žHŽˆÂˆ™\œÚ[ÛˆŽˆŒŒŒKŒÈ‹ˆœ™\ÛÛ™YŽˆšÎ‹ËÜ™YÚ\ÝžK›œZœË›Ü™ËÐž[™ËÛXœ˜\žKËKÛXœ˜\žKLŒŒKŒËÞˆ‹ˆš[YÜš]HŽˆœÚMLL‹Z’Q™L’žRÖžšR–›ÜÖš•ŠÌœÍ‘QÖLÌŠÑ”[[Ö––R\S[ÍÔÌÛ˜ŒÊÌ“•ÞÙ”ZÔÝ\™QÛœQMÒÖ\–YÛÝÏOH‹ˆ›XÙ[œÙHŽˆ“RU‹ˆœY\ˆŽˆYKˆ™\[™[˜ÚY\ÈŽˆÂˆËXÝ\ÝÛKY\œ›ÜˆŽˆ—ŒËŒ‹ŒH‚ˆKˆ™[™Ú[™\ÈŽˆÂˆ››ÙHŽˆHLŒ‚ˆKˆ›Ü[Û˜[\[™[˜ÚY\ÈŽˆÂˆž[™ËÝ^Y[˜ÛÙ[™ÈŽˆŸŒŽKŒ‚ˆBˆKˆ››ÙWÛ[Ù[\ËÐž[™ËÝ^Y[˜ÛÙ[™ÈŽˆÂˆ™\œÚ[ÛˆŽˆŒŽKŒ‹ˆœ™\ÛÛ™YŽˆšÎ‹ËÜ™YÚ\ÝžK›œZœË›Ü™ËÐž[™ËÝ^Y[˜ÛÙ[™ËËKÝ^Y[˜ÛÙ[™ËLŽKŒÞˆ‹ˆš[YÜš]HŽˆœÚMLL‹UKÍU’Œ›^LQ’N\LÑZYÖJÝMÓXŒÛLÊÞLÊÛšQ\ÛÕÓÐŒÌÕQŒÞœ^™V[]˜ÊÝ–žP]ÎšÝÐOOH‹ˆ›XÙ[œÙHŽˆŠ[›XÙ[œÙHÔˆ\XÚKL‹Œ
H‹ˆ›Ü[Û˜[ŽˆYBˆKˆ››ÙWÛ[Ù[\ËØØ[š]\ÙK[]HŽˆÂˆ™\œÚ[ÛˆŽˆŒKŒŒÌNH‹ˆœ™\ÛÛ™YŽˆšÎ‹ËÜ™YÚ\ÝžK›œZœË›Ü™ËØØ[š]\ÙK[]KËKØØ[š]\ÙK[]KLKŒŒÌNKÞˆ‹ˆš[YÜš]HŽˆœÚMLL‹^Õž]ÚÍ˜M\›ÊÚ[Y^XÞ[‹Õ™ÜQY“\šÞVMTÒ‹ÌNÛZN[Í“ZSÌÌŒÕ^ž\Ô’šMLZÓ’”OOH‹ˆ™[™[™ÈŽˆÂˆÂˆ\HŽˆ›Ü[˜ÛÛXÝ]™H‹ˆ\›ŽˆšÎ‹ËÛÜ[˜ÛÛXÝ]™K˜ÛÛKØœ›ÝÜÙ\œÛ\Ý‚ˆKˆÂˆ\HŽˆY[Y‹ˆ\›ŽˆšÎ‹ËÝY[Y˜ÛÛKÙ[™[™ËÙÚ]X‹ÛœKØØ[š]\ÙK[]H‚ˆKˆÂˆ\HŽˆ™Ú]Xˆ‹ˆ\›ŽˆšÎ‹ËÙÚ]X‹˜ÛÛKÜÜÛœÛÜœËØZH‚ˆBˆKˆ›XÙ[œÙHŽˆÐËP–KMŒ‚ˆKˆ››ÙWÛ[Ù[\ËØÛY[[Û›HŽˆÂˆ™\œÚ[ÛˆŽˆŒŒŒH‹ˆœ™\ÛÛ™YŽˆšÎ‹ËÜ™YÚ\ÝžK›œZœË›Ü™ËØÛY[[Û›KËKØÛY[[Û›KLŒŒKÞˆ‹ˆš[YÜš]HŽˆœÚMLL‹RUŒÓÝL”Ó^–œ™Ü“ÕQMÐYÌ\”˜ZTZÍØÌÔ˜˜Ü\^žž•JÓÙœS\ÎSL“T]Ú\XPÞœ˜ÙNN“POOH‹ˆ›XÙ[œÙHŽˆ“RU‚ˆKˆ››ÙWÛ[Ù[\ËÙ]XÝ[X˜ÈŽˆÂˆ™\œÚ[ÛˆŽˆŒ‹ŒKŒˆ‹ˆœ™\ÛÛ™YŽˆšÎ‹ËÜ™YÚ\ÝžK›œZœË›Ü™ËÙ]XÝ[X˜ËËKÙ]XÝ[X˜ËL‹ŒKŒ‹Þˆ‹ˆš[YÜš]HŽˆœÚMLL‹PŒ“ÓÓÎÛÌÕÞRNYNYÖÞTU˜Ø\šÕSÜV\XŒ\Û“ŒLTLÍœÚPžULL[–›UÖV›LZKÛÙÚ[Í^šZOOH‹ˆ›XÙ[œÙHŽˆ\XÚKL‹Œ‹ˆ›Ü[Û˜[ŽˆYKˆ™[™Ú[™\ÈŽˆÂˆ››ÙHŽˆN‚ˆBˆKˆ››ÙWÛ[Ù[\ËÛ˜[›ÚYŽˆÂˆ™\œÚ[ÛˆŽˆŒËŒËŒN‹ˆœ™\ÛÛ™YŽˆšÎ‹ËÜ™YÚ\ÝžK›œZœË›Ü™ËÛ˜[›ÚYËKÛ˜[›ÚYLËŒËŒNÞˆ‹ˆš[YÜš]HŽˆœÚMLL‹QÍR˜‘ÓUÚÙšM•–‘™‹ØØSX”^MÝJÓÜÚ”]‘ÑUØÛ•™›ÐLTPJÞ”’Ð^ÎZ‘ŠÑÕ“ÓÙV\‹ÛRXÝQÙYÍ‘ŠÝÏOH‹ˆ™[™[™ÈŽˆÂˆÂˆ\HŽˆ™Ú]Xˆ‹ˆ\›ŽˆšÎ‹ËÙÚ]X‹˜ÛÛKÜÜÛœÛÜœËØZH‚ˆBˆKˆ›XÙ[œÙHŽˆ“RU‹ˆ˜š[ˆŽˆÂˆ›˜[›ÚYŽˆ˜š[‹Û˜[›ÚY˜ÚœÈ‚ˆKˆ™[™Ú[™\ÈŽˆÂˆ››ÙHŽˆ—ŒLŒLˆŒLËÈŒMLMKŒŒH‚ˆBˆKˆ››ÙWÛ[Ù[\ËÛ™^ŽˆÂˆ™\œÚ[ÛˆŽˆŒMKKÈ‹ˆœ™\ÛÛ™YŽˆšÎ‹ËÜ™YÚ\ÝžK›œZœË›Ü™ËÛ™^ËKÛ™^LMKKËÞˆ‹ˆš[YÜš]HŽˆœÚMLL‹JÝ‹Ì’RÕ\ÒÚÙÚÝŠÞ”SÛÖ\ŒVMŽP‹ÜÐÓR˜SRQÚžœQ“Ü]ZÐšP•ÑYYP^™’•RÛ”OOH‹ˆ™\™XØ]YŽˆ•\È™\œÚ[Ûˆ\ÈHÙXÝ\š]H[™\˜Xš[]KˆX\ÙH\Ü˜YHÈH]ÚY™\œÚ[Û‹ˆÙYHÎ‹ËÛ™^œË›Ü™ËØ›ÙËÜÙXÝ\š]K]\]KLŒKLL‹LLH›Üˆ[Ü™H]Z[Ëˆ‹ˆ›XÙ[œÙHŽˆ“RU‹ˆ™\[™[˜ÚY\ÈŽˆÂˆ™^Ù[ˆŽˆŒMKKÈ‹ˆÝØËÚ[\œÈŽˆŒKŒMH‹ˆ˜Ø[š]\ÙK[]HŽˆ—ŒKŒŒÌMMÎH‹ˆœÜÝÜÜÈŽˆŽŒÌH‹ˆœÝ[YZœÞŽˆKŒKˆ‚ˆKˆ˜š[ˆŽˆÂˆ›™^Žˆ™\ÝØš[‹Û™^‚ˆKˆ™[™Ú[™\ÈŽˆÂˆ››ÙHŽˆ—ŒNŒNŒŒNKŽŒHŒŒŒ‚ˆKˆ›Ü[Û˜[\[™[˜ÚY\ÈŽˆÂˆ™^ÜÝØËY\Ú[‹X\›MŽˆŒMKKÈ‹ˆ™^ÜÝØËY\Ú[‹^ŽˆŒMKKÈ‹ˆ™^ÜÝØË[[^X\›MYÛHŽˆŒMKKÈ‹ˆ™^ÜÝØË[[^X\›M[]\ÛŽˆŒMKKÈ‹ˆ™^ÜÝØË[[^^YÛHŽˆŒMKKÈ‹ˆ™^ÜÝØË[[^^[]\ÛŽˆŒMKKÈ‹ˆ™^ÜÝØË]Ú[ŒÌ‹X\›M[\Ý˜ÈŽˆŒMKKÈ‹ˆ™^ÜÝØË]Ú[ŒÌ‹^[\Ý˜ÈŽˆŒMKKÈ‹ˆœÚ\œŽˆ—ŒŒÍŒÈ‚ˆKˆœY\‘\[™[˜ÚY\ÈŽˆÂˆÜ[[[Y]žKØ\HŽˆ—ŒKŒKŒ‹ˆ^]ÜšYÚÝ\ÝŽˆ—ŒKLKŒH‹ˆ˜˜X™[\YÚ[‹\™XXÝXÛÛ\[\ˆŽˆŠˆ‹ˆœ™XXÝŽˆ—ŒNŒ‹ŒNKŒŒ\˜ËYMŽ™LŒLŒŒNKŒŒ‹ˆœ™XXÝYÛHŽˆ—ŒNŒ‹ŒNKŒŒ\˜ËYMŽ™LŒLŒŒNKŒŒ‹ˆœØ\ÜÈŽˆ—ŒKŒËŒ‚ˆKˆœY\‘\[™[˜ÚY\ÓY]HŽˆÂˆÜ[[[Y]žKØ\HŽˆÂˆ›Ü[Û˜[ŽˆYBˆKˆ^]ÜšYÚÝ\ÝŽˆÂˆ›Ü[Û˜[ŽˆYBˆKˆ˜˜X™[\YÚ[‹\™XXÝXÛÛ\[\ˆŽˆÂˆ›Ü[Û˜[ŽˆYBˆKˆœØ\ÜÈŽˆÂˆ›Ü[Û˜[ŽˆYBˆBˆBˆKˆ››ÙWÛ[Ù[\ËÛØYˆŽˆÂˆ™\œÚ[ÛˆŽˆŒKŒKŒˆ‹ˆœ™\ÛÛ™YŽˆšÎ‹ËÜ™YÚ\ÝžK›œZœË›Ü™ËÛØY‹ËKÛØY‹LKŒKŒ‹Þˆ‹ˆš[YÜš]HŽˆœÚMLL‹T]ÝL[PYSÓ[UÚ[[ÙÓÒV”]ÑÖÍœšÝXžNY•Í[SÕÑ“ÒM”ŒZ‘ŽZÌÞ•VMMšYÜÓÚÑÎL““™ÏOH‹ˆ›XÙ[œÙHŽˆ“RU‚ˆKˆ››ÙWÛ[Ù[\ËÜËZ[ŽˆÂˆ™\œÚ[ÛˆŽˆŒKŒŒH‹ˆœ™\ÛÛ™YŽˆšÎ‹ËÜ™YÚ\ÝžK›œZœË›Ü™ËÜËZ[ËKÜËZ[LKŒŒKÞˆ‹ˆš[YÜš]HŽˆœÚMLL‹UÐÝX”ÍØÎÚÜ•[ŒZÚ“ÜÍÛžÑÙÜTœÙÍÔŠÐŒÊÝNUP][L›ÙÜÑŽ]žÎžÓ^Mš“ÜÑ’\T\ÏOH‹ˆ›XÙ[œÙHŽˆ’TÐÈ‹ˆ™[™Ú[™\ÈŽˆÂˆ››ÙHŽˆMŒŒ‚ˆBˆKˆ››ÙWÛ[Ù[\ËÜË[[Y\šXÈŽˆÂˆ™\œÚ[ÛˆŽˆŒKŒŒˆ‹ˆœ™\ÛÛ™YŽˆšÎ‹ËÜ™YÚ\ÝžK›œZœË›Ü™ËÜË[[Y\šXËËKÜË[[Y\šXËLKŒŒ‹Þˆ‹ˆš[YÜš]HŽˆœÚMLL‹P“KÕœÍZ›LšÒÓM]RšÖ\Q^•VKÝÓMVÑ••–Vž[Ü’Ú™LŽRZLÔ˜šÝ›Ó[ÑÑ
ÝQØPÚšŒÒ]ÏOH‹ˆ›XÙ[œÙHŽˆ’TÐÈ‹ˆ™[™Ú[™\ÈŽˆÂˆ››ÙHŽˆM‚ˆBˆKˆ››ÙWÛ[Ù[\ËÜË\›ÝØÛÛŽˆÂˆ™\œÚ[ÛˆŽˆŒKŒM‹Œ‹ˆœ™\ÛÛ™YŽˆšÎ‹ËÜ™YÚ\ÝžK›œZœË›Ü™ËÜË\›ÝØÛÛËKÜË\›ÝØÛÛLKŒM‹ŒÞˆ‹ˆš[YÜš]HŽˆœÚMLL‹\ÒS]šÓ˜ÑSÛ]šYL–ÔÍ\QËÍLÕšÜÙ‹ÍŒÌÑ[ÓZX™Û]RMRMÜRÜZÚY”ZQÞZPØÞR’ÍÝÏOH‹ˆ›XÙ[œÙHŽˆ“RU‚ˆKˆ››ÙWÛ[Ù[\ËÜË]\\ÈŽˆÂˆ™\œÚ[ÛˆŽˆŒKŒ‹ˆœ™\ÛÛ™YŽˆšÎ‹ËÜ™YÚ\ÝžK›œZœË›Ü™ËÜË]\\ËËKÜË]\\ËMŒKŒÞˆ‹ˆš[YÜš]HŽˆœÚMLL‹[Ì–˜[’S^KÌÊÛUÍŽSÎŒQM^œÓÊÓÔ\ÝÙ^MÖYZÔQ[›SÜSXž–LœŒYÝÒ“VS•ØÕÑ™ÏOH‹ˆ›XÙ[œÙHŽˆ“RU‹ˆ™\[™[˜ÚY\ÈŽˆÂˆœËZ[ŽˆŒKŒŒH‹ˆœË[[Y\šXÈŽˆŒKŒŒˆ‹ˆœÜÝÜ™\ËX\œ˜^HŽˆŸŒËŒŒH‹ˆœÜÝÜ™\ËXž]XHŽˆŸŒËŒŒ‹ˆœÜÝÜ™\ËY]HŽˆŸŒ‹ŒKŒ‹ˆœÜÝÜ™\ËZ[\˜[Žˆ—ŒËŒŒ‹ˆœÜÝÜ™\Ë\˜[™ÙHŽˆ—ŒKŒKŒH‚ˆKˆ™[™Ú[™\ÈŽˆÂˆ››ÙHŽˆLL‚ˆBˆKˆ››ÙWÛ[Ù[\ËÜXÛØÛÛÜœÈŽˆÂˆ™\œÚ[ÛˆŽˆŒKŒKŒH‹ˆœ™\ÛÛ™YŽˆšÎ‹ËÜ™YÚ\ÝžK›œZœË›Ü™ËÜXÛØÛÛÜœËËKÜXÛØÛÛÜœËLKŒKŒKÞˆ‹ˆš[YÜš]HŽˆœÚMLL‹^ÙRœÛšSN[\QÛQ]ÍM›LÍÍ›UšÑVÚ‘X‹Ôž‘žYYÓ[ÙSœÛÖQ‘‹ÓÝLÑ^SXÙT›R‘UOOH‹ˆ›XÙ[œÙHŽˆ’TÐÈ‚ˆKˆ››ÙWÛ[Ù[\ËÜÜÝÜÜÈŽˆÂˆ™\œÚ[ÛˆŽˆŽŒÌH‹ˆœ™\ÛÛ™YŽˆšÎ‹ËÜ™YÚ\ÝžK›œZœË›Ü™ËÜÜÝÜÜËËKÜÜÝÜÜËNŒÌKÞˆ‹ˆš[YÜš]HŽˆœÚMLL‹TÌX›ÚXN[]ËÌžYÕŒÙSMYÚ•XÙ“‹ÑVÕÌQLœV^’ÑÑÐ•]š“Í‘–R“\ÌÍ”›PT›XÌV›[ŠÜ”ŒÕœOOH‹ˆ™[™[™ÈŽˆÂˆÂˆ\HŽˆ›Ü[˜ÛÛXÝ]™H‹ˆ\›ŽˆšÎ‹ËÛÜ[˜ÛÛXÝ]™K˜ÛÛKÜÜÝÜÜËÈ‚ˆKˆÂˆ\HŽˆY[Y‹ˆ\›ŽˆšÎ‹ËÝY[Y˜ÛÛKÙ[™[™ËÙÚ]X‹ÛœKÜÜÝÜÜÈ‚ˆKˆÂˆ\HŽˆ™Ú]Xˆ‹ˆ\›ŽˆšÎ‹ËÙÚ]X‹˜ÛÛKÜÜÛœÛÜœËØZH‚ˆBˆKˆ›XÙ[œÙHŽˆ“RU‹ˆ™\[™[˜ÚY\ÈŽˆÂˆ›˜[›ÚYŽˆ—ŒËŒËˆ‹ˆœXÛØÛÛÜœÈŽˆ—ŒKŒŒ‹ˆœÛÝ\˜ÙK[X\ZœÈŽˆ—ŒKŒŒˆ‚ˆKˆ™[™Ú[™\ÈŽˆÂˆ››ÙHŽˆ—ŒLŒLˆLM‚ˆBˆKˆ››ÙWÛ[Ù[\ËÜÜÝÜ™\ËX\œ˜^HŽˆÂˆ™\œÚ[ÛˆŽˆŒËŒ‹ˆœ™\ÛÛ™YŽˆšÎ‹ËÜ™YÚ\ÝžK›œZœË›Ü™ËÜÜÝÜ™\ËX\œ˜^KËKÜÜÝÜ™\ËX\œ˜^KLËŒÞˆ‹ˆš[YÜš]HŽˆœÚMLL‹[UTÑÙ”ÑÓØSÐQQÝÜ\Ô–LÑÔÙXMÐÓš\”ÐMÛ™\RÙÌÜ^™XUÐÍS[ÕŽ\Í–Î[›ÛU–ŠÐÍ‘ÓÒ”OOH‹ˆ›XÙ[œÙHŽˆ“RU‹ˆ™[™Ú[™\ÈŽˆÂˆ››ÙHŽˆLLˆ‚ˆBˆKˆ››ÙWÛ[Ù[\ËÜÜÝÜ™\ËXž]XHŽˆÂˆ™\œÚ[ÛˆŽˆŒËŒŒ‹ˆœ™\ÛÛ™YŽˆšÎ‹ËÜ™YÚ\ÝžK›œZœË›Ü™ËÜÜÝÜ™\ËXž]XKËKÜÜÝÜ™\ËXž]XKLËŒŒÞˆ‹ˆš[YÜš]HŽˆœÚMLL‹PÓ™š[NT‘”ÓØ’Ú•’œžÕ”VÜ]]Ó‘œÔ–L[ÚÓ“›YMJÜÕžZU•›ØšSMÚŒP‘ÊÚQMÚMLÕÞ‘ÏOH‹ˆ›XÙ[œÙHŽˆ“RU‹ˆ™\[™[˜ÚY\ÈŽˆÂˆ›ØYˆŽˆŸŒKŒKŒˆ‚ˆKˆ™[™Ú[™\ÈŽˆÂˆ››ÙHŽˆHˆ‚ˆBˆKˆ››ÙWÛ[Ù[\ËÜÜÝÜ™\ËY]HŽˆÂˆ™\œÚ[ÛˆŽˆŒ‹ŒKŒ‹ˆœ™\ÛÛ™YŽˆšÎ‹ËÜ™YÚ\ÝžK›œZœË›Ü™ËÜÜÝÜ™\ËY]KËKÜÜÝÜ™\ËY]KL‹ŒKŒÞˆ‹ˆš[YÜš]HŽˆœÚMLL‹RÍÒ\šNÝÖ˜Ñ–’Õ›ZÛÙ\ØŒRÍÜšÓZœZÜ™Ô‘Í“ÓÎÙ˜\ZØœ“”›œ˜LNÐ\Œ^TQ•ÑØÐOOH‹ˆ›XÙ[œÙHŽˆ“RU‹ˆ™[™Ú[™\ÈŽˆÂˆ››ÙHŽˆLLˆ‚ˆBˆKˆ››ÙWÛ[Ù[\ËÜÜÝÜ™\ËZ[\˜[ŽˆÂˆ™\œÚ[ÛˆŽˆŒËŒŒ‹ˆœ™\ÛÛ™YŽˆšÎ‹ËÜ™YÚ\ÝžK›œZœË›Ü™ËÜÜÝÜ™\ËZ[\˜[ËKÜÜÝÜ™\ËZ[\˜[LËŒŒÞˆ‹ˆš[YÜš]HŽˆœÚMLL‹P”Ó‘˜žVÖÞÐJÌYUUL‘Û]ÚÒLUM^S^‘ÓÎÙ‘XÖL”QŽ^KÍÓ\RÛ–[ÓL[’‘Î“Ó“•ÑÎUÙTÛYTšYÏOH‹ˆ›XÙ[œÙHŽˆ“RU‹ˆ™[™Ú[™\ÈŽˆÂˆ››ÙHŽˆLLˆ‚ˆBˆKˆ››ÙWÛ[Ù[\ËÜÜÝÜ™\Ë\˜[™ÙHŽˆÂˆ™\œÚ[ÛˆŽˆŒKŒK‹ˆœ™\ÛÛ™YŽˆšÎ‹ËÜ™YÚ\ÝžK›œZœË›Ü™ËÜÜÝÜ™\Ë\˜[™ÙKËKÜÜÝÜ™\Ë\˜[™ÙKLKŒKÞˆ‹ˆš[YÜš]HŽˆœÚMLL‹ZKÚžQNNÐ[‹Íž]ÕR^–šÒNSÍÞJÒŒÒØÍÛËÌ™TPZ•Ó’Œ™ž\ÙLØ’U™\ÐÚÊÌÒT“S]ÌÒÏOH‹ˆ›XÙ[œÙHŽˆ“RU‚ˆKˆ››ÙWÛ[Ù[\ËÜ™XXÝŽˆÂˆ™\œÚ[ÛˆŽˆŒNKŒKŒH‹ˆœ™\ÛÛ™YŽˆšÎ‹ËÜ™YÚ\ÝžK›œZœË›Ü™ËÜ™XXÝËKÜ™XXÝLNKŒKŒKÞˆ‹ˆš[YÜš]HŽˆœÚMLL‹]ÎœQÒ[[ÍYSRY›š“]ÓÑÝ›PËÛZÍÓVZÒZXÙÙ›LRŽUPÞXÞ˜Ô–žœ–‹Ö–ÙÑÔ‘™T•L‘R•Í™”OOH‹ˆ›XÙ[œÙHŽˆ“RU‹ˆ™[™Ú[™\ÈŽˆÂˆ››ÙHŽˆLŒLŒ‚ˆBˆKˆ››ÙWÛ[Ù[\ËÜ™XXÝYÛHŽˆÂˆ™\œÚ[ÛˆŽˆŒNKŒKŒH‹ˆœ™\ÛÛ™YŽˆšÎ‹ËÜ™YÚ\ÝžK›œZœË›Ü™ËÜ™XXÝYÛKËKÜ™XXÝYÛKLNKŒKŒKÞˆ‹ˆš[YÜš]HŽˆœÚMLL‹QKÍSV™ÑŒØ^žZ\VÙ•ØÖœÌYÚRž\œÝNKÑÕÕŠÛPÞ™›RÓ›ÑÔ’Ð–SRŽQYÔ]MVUÖ‘ÐÚÛ‘QÝÏOH‹ˆ›XÙ[œÙHŽˆ“RU‹ˆ™\[™[˜ÚY\ÈŽˆÂˆœØÚY[\ˆŽˆ—ŒŒ‹Œ‚ˆKˆœY\‘\[™[˜ÚY\ÈŽˆÂˆœ™XXÝŽˆ—ŒNKŒKŒH‚ˆBˆKˆ››ÙWÛ[Ù[\ËÜØÚY[\ˆŽˆÂˆ™\œÚ[ÛˆŽˆŒŒ‹Œ‹ˆœ™\ÛÛ™YŽˆšÎ‹ËÜ™YÚ\ÝžK›œZœË›Ü™ËÜØÚY[\‹ËKÜØÚY[\‹LŒ‹ŒÞˆ‹ˆš[YÜš]HŽˆœÚMLL‹S›ÝÒKÛYÐÔŒÑ[“–ÐP•[PÝ–œTZQVØ’QNž“RËÍÒ\YÕ”ÑÖ‘]LÍÒÍXÓSœ“ÌÎÐÍÙÕÐOOH‹ˆ›XÙ[œÙHŽˆ“RU‚ˆKˆ››ÙWÛ[Ù[\ËÜÙ[]™\ˆŽˆÂˆ™\œÚ[ÛˆŽˆËŽH‹ˆœ™\ÛÛ™YŽˆšÎ‹ËÜ™YÚ\ÝžK›œZœË›Ü™ËÜÙ[]™\‹ËKÜÙ[]™\‹MËŽKÞˆ‹ˆš[YÜš]HŽˆœÚMLL‹VMËÒÑØŽ›ÛÖœØ\QÞ][Í‘[ÜÙÐÛ˜ØÚÚÊÜÖ’VMÐ•[ØÓP‘Q’U\ŒY’MŠÒ›Í˜ÚXØRZMTš[ÐOOH‹ˆ›XÙ[œÙHŽˆ’TÐÈ‹ˆ›Ü[Û˜[ŽˆYKˆ˜š[ˆŽˆÂˆœÙ[]™\ˆŽˆ˜š[‹ÜÙ[]™\‹šœÈ‚ˆKˆ™[™Ú[™\ÈŽˆÂˆ››ÙHŽˆLL‚ˆBˆKˆ››ÙWÛ[Ù[\ËÜÚ\œŽˆÂˆ™\œÚ[ÛˆŽˆŒŒÍH‹ˆœ™\ÛÛ™YŽˆšÎ‹ËÜ™YÚ\ÝžK›œZœË›Ü™ËÜÚ\œËKÜÚ\œLŒÍKÞˆ‹ˆš[YÜš]HŽˆœÚMLL‹SÝNRMQUÓ˜ÐØ–•NXÓYÔ˜ÐÒÎ]ÓXØž]ÕÌÝÑŒÍÛŒ\œS“ÖZPUŽSÑš˜[ÑÖŒ˜ÕQYT^MMÏOH‹ˆš\Ò[œÝ[ØÜš\ŽˆYKˆ›XÙ[œÙHŽˆ\XÚKL‹Œ‹ˆ›Ü[Û˜[ŽˆYKˆ™\[™[˜ÚY\ÈŽˆÂˆ[YËØÛÛÝ\ˆŽˆ—ŒKŒŒ‹ˆ™]XÝ[X˜ÈŽˆ—Œ‹ŒKŒˆ‹ˆœÙ[]™\ˆŽˆ—ËËŒÈ‚ˆKˆ™[™Ú[™\ÈŽˆÂˆ››ÙHŽˆ—ŒNŒMËŒŒŒŒËŒLŒKŒŒ‚ˆKˆ™[™[™ÈŽˆÂˆ\›ŽˆšÎ‹ËÛÜ[˜ÛÛXÝ]™K˜ÛÛKÛXš\È‚ˆKˆ›Ü[Û˜[\[™[˜ÚY\ÈŽˆÂˆ[YËÜÚ\œY\Ú[‹X\›MŽˆŒŒÍH‹ˆ[YËÜÚ\œY\Ú[‹^ŽˆŒŒÍH‹ˆ[YËÜÚ\œ[Xš\ËY\Ú[‹X\›MŽˆŒKŒ‹‹ˆ[YËÜÚ\œ[Xš\ËY\Ú[‹^ŽˆŒKŒ‹‹ˆ[YËÜÚ\œ[Xš\Ë[[^X\›HŽˆŒKŒ‹‹ˆ[YËÜÚ\œ[Xš\Ë[[^X\›MŽˆŒKŒ‹‹ˆ[YËÜÚ\œ[Xš\Ë[[^\ÍŽˆŒKŒ‹‹ˆ[YËÜÚ\œ[Xš\Ë[[^\š\ØÝŽˆŒKŒ‹‹ˆ[YËÜÚ\œ[Xš\Ë[[^\ÌÎLŽˆŒKŒ‹‹ˆ[YËÜÚ\œ[Xš\Ë[[^^ŽˆŒKŒ‹‹ˆ[YËÜÚ\œ[Xš\Ë[[^]\ÛX\›MŽˆŒKŒ‹‹ˆ[YËÜÚ\œ[Xš\Ë[[^]\Û^ŽˆŒKŒ‹‹ˆ[YËÜÚ\œ[[^X\›HŽˆŒŒÍH‹ˆ[YËÜÚ\œ[[^X\›MŽˆŒŒÍH‹ˆ[YËÜÚ\œ[[^\ÍŽˆŒŒÍH‹ˆ[YËÜÚ\œ[[^\š\ØÝŽˆŒŒÍH‹ˆ[YËÜÚ\œ[[^\ÌÎLŽˆŒŒÍH‹ˆ[YËÜÚ\œ[[^^ŽˆŒŒÍH‹ˆ[YËÜÚ\œ[[^]\ÛX\›MŽˆŒŒÍH‹ˆ[YËÜÚ\œ[[^]\Û^ŽˆŒŒÍH‹ˆ[YËÜÚ\œ]Ø\ÛLÌˆŽˆŒŒÍH‹ˆ[YËÜÚ\œ]Ú[ŒÌ‹X\›MŽˆŒŒÍH‹ˆ[YËÜÚ\œ]Ú[ŒÌ‹ZXLÌˆŽˆŒŒÍH‹ˆ[YËÜÚ\œ]Ú[ŒÌ‹^ŽˆŒŒÍH‚ˆBˆKˆ››ÙWÛ[Ù[\ËÜÛÝ\˜ÙK[X\ZœÈŽˆÂˆ™\œÚ[ÛˆŽˆŒKŒ‹ŒH‹ˆœ™\ÛÛ™YŽˆšÎ‹ËÜ™YÚ\ÝžK›œZœË›Ü™ËÜÛÝ\˜ÙK[X\ZœËËKÜÛÝ\˜ÙK[X\ZœËLKŒ‹ŒKÞˆ‹ˆš[YÜš]HŽˆœÚMLL‹UVÓRÚÝÕ’ØÌŽU]T–UJÝ\ÙX\’ËÎQÑNÔS]œšÜÝž‘ÚŒZÓÓTXÍÝ’\ÒTÐ‘Î”N
ÒQ^”POOH‹ˆ›XÙ[œÙHŽˆ”ÑLËPÛ]\ÙH‹ˆ™[™Ú[™\ÈŽˆÂˆ››ÙHŽˆLŒLŒ‚ˆBˆKˆ››ÙWÛ[Ù[\ËÜÝ[YZœÞŽˆÂˆ™\œÚ[ÛˆŽˆKŒKˆ‹ˆœ™\ÛÛ™YŽˆšÎ‹ËÜ™YÚ\ÝžK›œZœË›Ü™ËÜÝ[YZœÞËKÜÝ[YZœÞMKŒK‹Þˆ‹ˆš[YÜš]HŽˆœÚMLL‹\TÕžQS[Ý”V[ÒÓ‘ÝÔ‘’’ÊÚJÖ™”–[ÜÓÑ™ÐÊÕÙÌ]žœ“Œ‹Ô‘ËÓMÔÖ\\]’Ó“ŒÎT“ÔLœM›ŒVOOH‹ˆ›XÙ[œÙHŽˆ“RU‹ˆ™\[™[˜ÚY\ÈŽˆÂˆ˜ÛY[[Û›HŽˆŒŒŒH‚ˆKˆ™[™Ú[™\ÈŽˆÂˆ››ÙHŽˆHL‹ŒŒ‚ˆKˆœY\‘\[™[˜ÚY\ÈŽˆÂˆœ™XXÝŽˆHM‹ŽŒMËžžŒNŒŒLŒNKŒŒL‚ˆKˆœY\‘\[™[˜ÚY\ÓY]HŽˆÂˆ˜X™[ØÛÜ™HŽˆÂˆ›Ü[Û˜[ŽˆYBˆKˆ˜˜X™[\YÚ[‹[XXÜ›ÜÈŽˆÂˆ›Ü[Û˜[ŽˆYBˆBˆBˆKˆ››ÙWÛ[Ù[\ËÝËXÝ\ÝÛKY\œ›ÜˆŽˆÂˆ™\œÚ[ÛˆŽˆŒËŒËŒH‹ˆœ™\ÛÛ™YŽˆšÎ‹ËÜ™YÚ\ÝžK›œZœË›Ü™ËÝËXÝ\ÝÛKY\œ›Ü‹ËKÝËXÝ\ÝÛKY\œ›Ü‹LËŒËŒKÞˆ‹ˆš[YÜš]HŽˆœÚMLL‹MSÖ]“ÚžÑYÜÜ‹ÖQUUÔÝT”LRÓ‘ÓÕØÝ“’LL‹ÍÔTTšÖ\UÝMVŽÊÑÔUÔQZÚÝÛÎMTNSÕ•ÌPOOH‹ˆ›XÙ[œÙHŽˆ“RU‹ˆœY\ˆŽˆYKˆ™[™Ú[™\ÈŽˆÂˆ››ÙHŽˆLMŒŒ‚ˆBˆKˆ››ÙWÛ[Ù[\ËÝÛXˆŽˆÂˆ™\œÚ[ÛˆŽˆŒ‹ŽŒH‹ˆœ™\ÛÛ™YŽˆšÎ‹ËÜ™YÚ\ÝžK›œZœË›Ü™ËÝÛX‹ËKÝÛX‹L‹ŽŒKÞˆ‹ˆš[YÜš]HŽˆœÚMLL‹[Ò‘NMXŠÒÕ™TÕTSÝÛœ\[™›SÓÐKÛZ˜‘RÐÑ[ÒÌÛTVM˜ÌÝÒÑŽÓZÓÝR’ÖÒÕNNRP˜^”ËÌÏOH‹ˆ›XÙ[œÙHŽˆŒ”Ñ‚ˆKˆ››ÙWÛ[Ù[\ËÝ[™XÚK]\\ÈŽˆÂˆ™\œÚ[ÛˆŽˆŽŒËŒ‹ˆœ™\ÛÛ™YŽˆšÎ‹ËÜ™YÚ\ÝžK›œZœË›Ü™ËÝ[™XÚK]\\ËËKÝ[™XÚK]\\ËNŒËŒÞˆ‹ˆš[YÜš]HŽˆœÚMLL‹ZŒÍÍTØÕŒÛJÖZÔ’Y•ÓÚTÓ‹ØRQÛØš“^PS˜SœÌÐÎ[Û\•ÜYZ™ÖÒÐ˜’˜Ñ–\UZÔÌQÙNœ”OOH‹ˆ›XÙ[œÙHŽˆ“RU‚ˆBˆBŸB